
Microsoft Visual Studio Solution File, Format Version 12.00
# Visual Studio 15
VisualStudioVersion = 15.0.28010.2026
MinimumVisualStudioVersion = 10.0.40219.1
Project("{FAE04EC0-301F-11D3-BF4B-00C04F79EFBC}") = "MultiThreadingProgramm", "MultiThreadingProgramm\MultiThreadingProgramm.csproj", "{ECB932B2-E885-41C3-AAC0-8F33FD1CC569}"
EndProject
Global
	GlobalSection(SolutionConfigurationPlatforms) = preSolution
		Debug|Any CPU = Debug|Any CPU
		Release|Any CPU = Release|Any CPU
	EndGlobalSection
	GlobalSection(ProjectConfigurationPlatforms) = postSolution
		{ECB932B2-E885-41C3-AAC0-8F33FD1CC569}.Debug|Any CPU.ActiveCfg = Debug|Any CPU
		{ECB932B2-E885-41C3-AAC0-8F33FD1CC569}.Debug|Any CPU.Build.0 = Debug|Any CPU
		{ECB932B2-E885-41C3-AAC0-8F33FD1CC569}.Release|Any CPU.ActiveCfg = Release|Any CPU
		{ECB932B2-E885-41C3-AAC0-8F33FD1CC569}.Release|Any CPU.Build.0 = Release|Any CPU
	EndGlobalSection
	GlobalSection(SolutionProperties) = preSolution
		HideSolutionNode = FALSE
	EndGlobalSection
	GlobalSection(ExtensibilityGlobals) = postSolution
		SolutionGuid = {C6B6CE49-8875-4FCF-A810-BF566063B719}
	EndGlobalSection
EndGlobal
